<?xml version="1.0" encoding="utf-8"?>
<Project ToolsVersion="4.0" xmlns="http://schemas.microsoft.com/developer/msbuild/2003">
  <ItemGroup>
    <ClCompile Include="..\..\..\source\Particle3d.cpp">
      <Filter>p3d</Filter>
    </ClCompile>
    <ClCompile Include="..\..\..\source\P3dTemplate.cpp">
      <Filter>p3d</Filter>
    </ClCompile>
    <ClCompile Include="..\..\..\source\P3dInstance.cpp">
      <Filter>p3d</Filter>
    </ClCompile>
    <ClCompile Include="..\..\..\source\GlobalClock.cpp" />
  </ItemGroup>
  <ItemGroup>
    <ClInclude Include="..\..\..\include\emitter\Particle3d.h">
      <Filter>p3d</Filter>
    </ClInclude>
    <ClInclude Include="..\..\..\include\emitter\P3dRenderParams.h">
      <Filter>p3d</Filter>
    </ClInclude>
    <ClInclude Include="..\..\..\include\emitter\typedef.h" />
    <ClInclude Include="..\..\..\include\emitter\P3dTemplate.h">
      <Filter>p3d</Filter>
    </ClInclude>
    <ClInclude Include="..\..\..\include\emitter\P3dInstance.h">
      <Filter>p3d</Filter>
    </ClInclude>
    <ClInclude Include="..\..\..\include\emitter\GlobalClock.h" />
  </ItemGroup>
  <ItemGroup>
    <Filter Include="p3d">
      <UniqueIdentifier>{802187dd-581f-44e1-a10d-c9224a6189e8}</UniqueIdentifier>
    </Filter>
  </ItemGroup>
</Project>